
Microsoft Visual Studio Solution File, Format Version 12.00
# Visual Studio Version 17
VisualStudioVersion = 17.3.32929.385
MinimumVisualStudioVersion = 10.0.40219.1
Project("{FAE04EC0-301F-11D3-BF4B-00C04F79EFBC}") = "prjWinCsMidTerm", "prjWinCsMidTerm\prjWinCsMidTerm.csproj", "{C8AC5DF4-CAAC-4AF2-886E-24B7F435C527}"
EndProject
Global
	GlobalSection(SolutionConfigurationPlatforms) = preSolution
		Debug|Any CPU = Debug|Any CPU
		Release|Any CPU = Release|Any CPU
	EndGlobalSection
	GlobalSection(ProjectConfigurationPlatforms) = postSolution
		{C8AC5DF4-CAAC-4AF2-886E-24B7F435C527}.Debug|Any CPU.ActiveCfg = Debug|Any CPU
		{C8AC5DF4-CAAC-4AF2-886E-24B7F435C527}.Debug|Any CPU.Build.0 = Debug|Any CPU
		{C8AC5DF4-CAAC-4AF2-886E-24B7F435C527}.Release|Any CPU.ActiveCfg = Release|Any CPU
		{C8AC5DF4-CAAC-4AF2-886E-24B7F435C527}.Release|Any CPU.Build.0 = Release|Any CPU
	EndGlobalSection
	GlobalSection(SolutionProperties) = preSolution
		HideSolutionNode = FALSE
	EndGlobalSection
	GlobalSection(ExtensibilityGlobals) = postSolution
		SolutionGuid = {47D45A4D-FA68-44E8-BADA-C8272C8BD20F}
	EndGlobalSection
EndGlobal
